// !$*UTF8*$!
{
	archiveVersion = 1;
	classes = {
	};
	objectVersion = 46;
	objects = {

/* Begin PBXBuildFile section */
		081A22A71B62C7F500C29E4D /* RangeSliderCellLayer.swift in Sources */ = {isa = PBXBuildFile; fileRef = 081A22A61B62C7F500C29E4D /* RangeSliderCellLayer.swift */; };
		081A22A91B62FCBA00C29E4D /* RangeSliderTrackLayer.swift in Sources */ = {isa = PBXBuildFile; fileRef = 081A22A81B62FCBA00C29E4D /* RangeSliderTrackLayer.swift */; };
		081A22AB1B63040E00C29E4D /* README.md in Sources */ = {isa = PBXBuildFile; fileRef = 081A22AA1B63040E00C29E4D /* README.md */; };
		08E1069F1B61AC01001C9C6A /* AppDelegate.swift in Sources */ = {isa = PBXBuildFile; fileRef = 08E1069E1B61AC01001C9C6A /* AppDelegate.swift */; };
		08E106A11B61AC01001C9C6A /* Assets.xcassets in Resources */ = {isa = PBXBuildFile; fileRef = 08E106A01B61AC01001C9C6A /* Assets.xcassets */; };
		08E106A41B61AC01001C9C6A /* MainMenu.xib in Resources */ = {isa = PBXBuildFile; fileRef = 08E106A21B61AC01001C9C6A /* MainMenu.xib */; };
		08E106AF1B61AC01001C9C6A /* JMSRangeSliderTests.swift in Sources */ = {isa = PBXBuildFile; fileRef = 08E106AE1B61AC01001C9C6A /* JMSRangeSliderTests.swift */; };
		08E106BA1B61AC01001C9C6A /* JMSRangeSliderUITests.swift in Sources */ = {isa = PBXBuildFile; fileRef = 08E106B91B61AC01001C9C6A /* JMSRangeSliderUITests.swift */; };
		08E106C81B61AC2F001C9C6A /* JMSRangeSlider.swift in Sources */ = {isa = PBXBuildFile; fileRef = 08E106C71B61AC2F001C9C6A /* JMSRangeSlider.swift */; };
		08E107071B61B2F8001C9C6A /* MainView.swift in Sources */ = {isa = PBXBuildFile; fileRef = 08E107061B61B2F8001C9C6A /* MainView.swift */; };
/* End PBXBuildFile section */

/* Begin PBXContainerItemProxy section */
		08E106AB1B61AC01001C9C6A /* PBXContainerItemProxy */ = {
			isa = PBXContainerItemProxy;
			containerPortal = 08E106931B61AC01001C9C6A /* Project object */;
			proxyType = 1;
			remoteGlobalIDString = 08E1069A1B61AC01001C9C6A;
			remoteInfo = JMSRangeSlider;
		};
		08E106B61B61AC01001C9C6A /* PBXContainerItemProxy */ = {
			isa = PBXContainerItemProxy;
			containerPortal = 08E106931B61AC01001C9C6A /* Project object */;
			proxyType = 1;
			remoteGlobalIDString = 08E1069A1B61AC01001C9C6A;
			remoteInfo = JMSRangeSlider;
		};
/* End PBXContainerItemProxy section */

/* Begin PBXFileReference section */
		081A22A61B62C7F500C29E4D /* RangeSliderCellLayer.swift */ = {isa = PBXFileReference; fileEncoding = 4; lastKnownFileType = sourcecode.swift; path = RangeSliderCellLayer.swift; sourceTree = "<group>"; };
		081A22A81B62FCBA00C29E4D /* RangeSliderTrackLayer.swift */ = {isa = PBXFileReference; fileEncoding = 4; lastKnownFileType = sourcecode.swift; path = RangeSliderTrackLayer.swift; sourceTree = "<group>"; };
		081A22AA1B63040E00C29E4D /* README.md */ = {isa = PBXFileReference; fileEncoding = 4; lastKnownFileType = net.daringfireball.markdown; path = README.md; sourceTree = "<group>"; };
		08E1069B1B61AC01001C9C6A /* JMSRangeSlider.app */ = {isa = PBXFileReference; explicitFileType = wrapper.application; includeInIndex = 0; path = JMSRangeSlider.app; sourceTree = BUILT_PRODUCTS_DIR; };
		08E1069E1B61AC01001C9C6A /* AppDelegate.swift */ = {isa = PBXFileReference; lastKnownFileType = sourcecode.swift; path = AppDelegate.swift; sourceTree = "<group>"; };
		08E106A01B61AC01001C9C6A /* Assets.xcassets */ = {isa = PBXFileReference; lastKnownFileType = folder.assetcatalog; path = Assets.xcassets; sourceTree = "<group>"; };
		08E106A31B61AC01001C9C6A /* Base */ = {isa = PBXFileReference; lastKnownFileType = file.xib; name = Base; path = Base.lproj/MainMenu.xib; sourceTree = "<group>"; };
		08E106A51B61AC01001C9C6A /* Info.plist */ = {isa = PBXFileReference; lastKnownFileType = text.plist.xml; path = Info.plist; sourceTree = "<group>"; };
		08E106AA1B61AC01001C9C6A /* JMSRangeSliderTests.xctest */ = {isa = PBXFileReference; explicitFileType = wrapper.cfbundle; includeInIndex = 0; path = JMSRangeSliderTests.xctest; sourceTree = BUILT_PRODUCTS_DIR; };
		08E106AE1B61AC01001C9C6A /* JMSRangeSliderTests.swift */ = {isa = PBXFileReference; lastKnownFileType = sourcecode.swift; path = JMSRangeSliderTests.swift; sourceTree = "<group>"; };
		08E106B01B61AC01001C9C6A /* Info.plist */ = {isa = PBXFileReference; lastKnownFileType = text.plist.xml; path = Info.plist; sourceTree = "<group>"; };
		08E106B51B61AC01001C9C6A /* JMSRangeSliderUITests.xctest */ = {isa = PBXFileReference; explicitFileType = wrapper.cfbundle; includeInIndex = 0; path = JMSRangeSliderUITests.xctest; sourceTree = BUILT_PRODUCTS_DIR; };
		08E106B91B61AC01001C9C6A /* JMSRangeSliderUITests.swift */ = {isa = PBXFileReference; lastKnownFileType = sourcecode.swift; path = JMSRangeSliderUITests.swift; sourceTree = "<group>"; };
		08E106BB1B61AC01001C9C6A /* Info.plist */ = {isa = PBXFileReference; lastKnownFileType = text.plist.xml; path = Info.plist; sourceTree = "<group>"; };
		08E106C71B61AC2F001C9C6A /* JMSRangeSlider.swift */ = {isa = PBXFileReference; fileEncoding = 4; lastKnownFileType = sourcecode.swift; path = JMSRangeSlider.swift; sourceTree = "<group>"; };
		08E107061B61B2F8001C9C6A /* MainView.swift */ = {isa = PBXFileReference; fileEncoding = 4; lastKnownFileType = sourcecode.swift; path = MainView.swift; sourceTree = "<group>"; };
/* End PBXFileReference section */

/* Begin PBXFrameworksBuildPhase section */
		08E106981B61AC01001C9C6A /* Frameworks */ = {
			isa = PBXFrameworksBuildPhase;
			buildActionMask = 2147483647;
			files = (
			);
			runOnlyForDeploymentPostprocessing = 0;
		};
		08E106A71B61AC01001C9C6A /* Frameworks */ = {
			isa = PBXFrameworksBuildPhase;
			buildActionMask = 2147483647;
			files = (
			);
			runOnlyForDeploymentPostprocessing = 0;
		};
		08E106B21B61AC01001C9C6A /* Frameworks */ = {
			isa = PBXFrameworksBuildPhase;
			buildActionMask = 2147483647;
			files = (
			);
			runOnlyForDeploymentPostprocessing = 0;
		};
/* End PBXFrameworksBuildPhase section */

/* Begin PBXGroup section */
		08E106921B61AC01001C9C6A = {
			isa = PBXGroup;
			children = (
				081A22AA1B63040E00C29E4D /* README.md */,
				08E1069D1B61AC01001C9C6A /* JMSRangeSlider */,
				08E106AD1B61AC01001C9C6A /* JMSRangeSliderTests */,
				08E106B81B61AC01001C9C6A /* JMSRangeSliderUITests */,
				08E1069C1B61AC01001C9C6A /* Products */,
			);
			sourceTree = "<group>";
		};
		08E1069C1B61AC01001C9C6A /* Products */ = {
			isa = PBXGroup;
			children = (
				08E1069B1B61AC01001C9C6A /* JMSRangeSlider.app */,
				08E106AA1B61AC01001C9C6A /* JMSRangeSliderTests.xctest */,
				08E106B51B61AC01001C9C6A /* JMSRangeSliderUITests.xctest */,
			);
			name = Products;
			sourceTree = "<group>";
		};
		08E1069D1B61AC01001C9C6A /* JMSRangeSlider */ = {
			isa = PBXGroup;
			children = (
				08E1069E1B61AC01001C9C6A /* AppDelegate.swift */,
				08E106A01B61AC01001C9C6A /* Assets.xcassets */,
				08E106A21B61AC01001C9C6A /* MainMenu.xib */,
				08E106A51B61AC01001C9C6A /* Info.plist */,
				08E106C71B61AC2F001C9C6A /* JMSRangeSlider.swift */,
				08E107061B61B2F8001C9C6A /* MainView.swift */,
				081A22A61B62C7F500C29E4D /* RangeSliderCellLayer.swift */,
				081A22A81B62FCBA00C29E4D /* RangeSliderTrackLayer.swift */,
			);
			path = JMSRangeSlider;
			sourceTree = "<group>";
		};
		08E106AD1B61AC01001C9C6A /* JMSRangeSliderTests */ = {
			isa = PBXGroup;
			children = (
				08E106AE1B61AC01001C9C6A /* JMSRangeSliderTests.swift */,
				08E106B01B61AC01001C9C6A /* Info.plist */,
			);
			path = JMSRangeSliderTests;
			sourceTree = "<group>";
		};
		08E106B81B61AC01001C9C6A /* JMSRangeSliderUITests */ = {
			isa = PBXGroup;
			children = (
				08E106B91B61AC01001C9C6A /* JMSRangeSliderUITests.swift */,
				08E106BB1B61AC01001C9C6A /* Info.plist */,
			);
			path = JMSRangeSliderUITests;
			sourceTree = "<group>";
		};
/* End PBXGroup section */

/* Begin PBXNativeTarget section */
		08E1069A1B61AC01001C9C6A /* JMSRangeSlider */ = {
			isa = PBXNativeTarget;
			buildConfigurationList = 08E106BE1B61AC01001C9C6A /* Build configuration list for PBXNativeTarget "JMSRangeSlider" */;
			buildPhases = (
				08E106971B61AC01001C9C6A /* Sources */,
				08E106981B61AC01001C9C6A /* Frameworks */,
				08E106991B61AC01001C9C6A /* Resources */,
			);
			buildRules = (
			);
			dependencies = (
			);
			name = JMSRangeSlider;
			productName = JMSRangeSlider;
			productReference = 08E1069B1B61AC01001C9C6A /* JMSRangeSlider.app */;
			productType = "com.apple.product-type.application";
		};
		08E106A91B61AC01001C9C6A /* JMSRangeSliderTests */ = {
			isa = PBXNativeTarget;
			buildConfigurationList = 08E106C11B61AC01001C9C6A /* Build configuration list for PBXNativeTarget "JMSRangeSliderTests" */;
			buildPhases = (
				08E106A61B61AC01001C9C6A /* Sources */,
				08E106A71B61AC01001C9C6A /* Frameworks */,
				08E106A81B61AC01001C9C6A /* Resources */,
			);
			buildRules = (
			);
			dependencies = (
				08E106AC1B61AC01001C9C6A /* PBXTargetDependency */,
			);
			name = JMSRangeSliderTests;
			productName = JMSRangeSliderTests;
			productReference = 08E106AA1B61AC01001C9C6A /* JMSRangeSliderTests.xctest */;
			productType = "com.apple.product-type.bundle.unit-test";
		};
		08E106B41B61AC01001C9C6A /* JMSRangeSliderUITests */ = {
			isa = PBXNativeTarget;
			buildConfigurationList = 08E106C41B61AC01001C9C6A /* Build configuration list for PBXNativeTarget "JMSRangeSliderUITests" */;
			buildPhases = (
				08E106B11B61AC01001C9C6A /* Sources */,
				08E106B21B61AC01001C9C6A /* Frameworks */,
				08E106B31B61AC01001C9C6A /* Resources */,
			);
			buildRules = (
			);
			dependencies = (
				08E106B71B61AC01001C9C6A /* PBXTargetDependency */,
			);
			name = JMSRangeSliderUITests;
			productName = JMSRangeSliderUITests;
			productReference = 08E106B51B61AC01001C9C6A /* JMSRangeSliderUITests.xctest */;
			productType = "com.apple.product-type.bundle.ui-testing";
		};
/* End PBXNativeTarget section */

/* Begin PBXProject section */
		08E106931B61AC01001C9C6A /* Project object */ = {
			isa = PBXProject;
			attributes = {
				LastUpgradeCheck = 0700;
				ORGANIZATIONNAME = "JohnMcNeil Studio";
				TargetAttributes = {
					08E1069A1B61AC01001C9C6A = {
						CreatedOnToolsVersion = 7.0;
					};
					08E106A91B61AC01001C9C6A = {
						CreatedOnToolsVersion = 7.0;
						TestTargetID = 08E1069A1B61AC01001C9C6A;
					};
					08E106B41B61AC01001C9C6A = {
						CreatedOnToolsVersion = 7.0;
						TestTargetID = 08E1069A1B61AC01001C9C6A;
					};
				};
			};
			buildConfigurationList = 08E106961B61AC01001C9C6A /* Build configuration list for PBXProject "JMSRangeSlider" */;
			compatibilityVersion = "Xcode 3.2";
			developmentRegion = English;
			hasScannedForEncodings = 0;
			knownRegions = (
				en,
				Base,
			);
			mainGroup = 08E106921B61AC01001C9C6A;
			productRefGroup = 08E1069C1B61AC01001C9C6A /* Products */;
			projectDirPath = "";
			projectRoot = "";
			targets = (
				08E1069A1B61AC01001C9C6A /* JMSRangeSlider */,
				08E106A91B61AC01001C9C6A /* JMSRangeSliderTests */,
				08E106B41B61AC01001C9C6A /* JMSRangeSliderUITests */,
			);
		};
/* End PBXProject section */

/* Begin PBXResourcesBuildPhase section */
		08E106991B61AC01001C9C6A /* Resources */ = {
			isa = PBXResourcesBuildPhase;
			buildActionMask = 2147483647;
			files = (
				08E106A11B61AC01001C9C6A /* Assets.xcassets in Resources */,
				08E106A41B61AC01001C9C6A /* MainMenu.xib in Resources */,
			);
			runOnlyForDeploymentPostprocessing = 0;
		};
		08E106A81B61AC01001C9C6A /* Resources */ = {
			isa = PBXResourcesBuildPhase;
			buildActionMask = 2147483647;
			files = (
			);
			runOnlyForDeploymentPostprocessing = 0;
		};
		08E106B31B61AC01001C9C6A /* Resources */ = {
			isa = PBXResourcesBuildPhase;
			buildActionMask = 2147483647;
			files = (
			);
			runOnlyForDeploymentPostprocessing = 0;
		};
/* End PBXResourcesBuildPhase section */

/* Begin PBXSourcesBuildPhase section */
		08E106971B61AC01001C9C6A /* Sources */ = {
			isa = PBXSourcesBuildPhase;
			buildActionMask = 2147483647;
			files = (
				081A22AB1B63040E00C29E4D /* README.md in Sources */,
				08E107071B61B2F8001C9C6A /* MainView.swift in Sources */,
				081A22A91B62FCBA00C29E4D /* RangeSliderTrackLayer.swift in Sources */,
				08E1069F1B61AC01001C9C6A /* AppDelegate.swift in Sources */,
				081A22A71B62C7F500C29E4D /* RangeSliderCellLayer.swift in Sources */,
				08E106C81B61AC2F001C9C6A /* JMSRangeSlider.swift in Sources */,
			);
			runOnlyForDeploymentPostprocessing = 0;
		};
		08E106A61B61AC01001C9C6A /* Sources */ = {
			isa = PBXSourcesBuildPhase;
			buildActionMask = 2147483647;
			files = (
				08E106AF1B61AC01001C9C6A /* JMSRangeSliderTests.swift in Sources */,
			);
			runOnlyForDeploymentPostprocessing = 0;
		};
		08E106B11B61AC01001C9C6A /* Sources */ = {
			isa = PBXSourcesBuildPhase;
			buildActionMask = 2147483647;
			files = (
				08E106BA1B61AC01001C9C6A /* JMSRangeSliderUITests.swift in Sources */,
			);
			runOnlyForDeploymentPostprocessing = 0;
		};
/* End PBXSourcesBuildPhase section */

/* Begin PBXTargetDependency section */
		08E106AC1B61AC01001C9C6A /* PBXTargetDependency */ = {
			isa = PBXTargetDependency;
			target = 08E1069A1B61AC01001C9C6A /* JMSRangeSlider */;
			targetProxy = 08E106AB1B61AC01001C9C6A /* PBXContainerItemProxy */;
		};
		08E106B71B61AC01001C9C6A /* PBXTargetDependency */ = {
			isa = PBXTargetDependency;
			target = 08E1069A1B61AC01001C9C6A /* JMSRangeSlider */;
			targetProxy = 08E106B61B61AC01001C9C6A /* PBXContainerItemProxy */;
		};
/* End PBXTargetDependency section */

/* Begin PBXVariantGroup section */
		08E106A21B61AC01001C9C6A /* MainMenu.xib */ = {
			isa = PBXVariantGroup;
			children = (
				08E106A31B61AC01001C9C6A /* Base */,
			);
			name = MainMenu.xib;
			sourceTree = "<group>";
		};
/* End PBXVariantGroup section */

/* Begin XCBuildConfiguration section */
		08E106BC1B61AC01001C9C6A /* Debug */ = {
			isa = XCBuildConfiguration;
			buildSettings = {
				ALWAYS_SEARCH_USER_PATHS = NO;
				CLANG_CXX_LANGUAGE_STANDARD = "gnu++0x";
				CLANG_CXX_LIBRARY = "libc++";
				CLANG_ENABLE_MODULES = YES;
				CLANG_ENABLE_OBJC_ARC = YES;
				CLANG_WARN_BOOL_CONVERSION = YES;
				CLANG_WARN_CONSTANT_CONVERSION = YES;
				CLANG_WARN_DIRECT_OBJC_ISA_USAGE = YES_ERROR;
				CLANG_WARN_EMPTY_BODY = YES;
				CLANG_WARN_ENUM_CONVERSION = YES;
				CLANG_WARN_INT_CONVERSION = YES;
				CLANG_WARN_OBJC_ROOT_CLASS = YES_ERROR;
				CLANG_WARN_UNREACHABLE_CODE = YES;
				CLANG_WARN__DUPLICATE_METHOD_MATCH = YES;
				CODE_SIGN_IDENTITY = "-";
				COPY_PHASE_STRIP = NO;
				DEBUG_INFORMATION_FORMAT = dwarf;
				ENABLE_STRICT_OBJC_MSGSEND = YES;
				ENABLE_TESTABILITY = YES;
				GCC_C_LANGUAGE_STANDARD = gnu99;
				GCC_DYNAMIC_NO_PIC = NO;
				GCC_NO_COMMON_BLOCKS = YES;
				GCC_OPTIMIZATION_LEVEL = 0;
				GCC_PREPROCESSOR_DEFINITIONS = (
					"DEBUG=1",
					"$(inherited)",
				);
				GCC_WARN_64_TO_32_BIT_CONVERSION = YES;
				GCC_WARN_ABOUT_RETURN_TYPE = YES_ERROR;
				GCC_WARN_UNDECLARED_SELECTOR = YES;
				GCC_WARN_UNINITIALIZED_AUTOS = YES_AGGRESSIVE;
				GCC_WARN_UNUSED_FUNCTION = YES;
				GCC_WARN_UNUSED_VARIABLE = YES;
				MACOSX_DEPLOYMENT_TARGET = 10.10;
				MTL_ENABLE_DEBUG_INFO = YES;
				ONLY_ACTIVE_ARCH = YES;
				SDKROOT = macosx;
				SWIFT_OPTIMIZATION_LEVEL = "-Onone";
			};
			name = Debug;
		};
		08E106BD1B61AC01001C9C6A /* Release */ = {
			isa = XCBuildConfiguration;
			buildSettings = {
				ALWAYS_SEARCH_USER_PATHS = NO;
				CLANG_CXX_LANGUAGE_STANDARD = "gnu++0x";
				CLANG_CXX_LIBRARY = "libc++";
				CLANG_ENABLE_MODULES = YES;
				CLANG_ENABLE_OBJC_ARC = YES;
				CLANG_WARN_BOOL_CONVERSION = YES;
				CLANG_WARN_CONSTANT_CONVERSION = YES;
				CLANG_WARN_DIRECT_OBJC_ISA_USAGE = YES_ERROR;
				CLANG_WARN_EMPTY_BODY = YES;
				CLANG_WARN_ENUM_CONVERSION = YES;
				CLANG_WARN_INT_CONVERSION = YES;
				CLANG_WARN_OBJC_ROOT_CLASS = YES_ERROR;
				CLANG_WARN_UNREACHABLE_CODE = YES;
				CLANG_WARN__DUPLICATE_METHOD_MATCH = YES;
				CODE_SIGN_IDENTITY = "-";
				COPY_PHASE_STRIP = NO;
				DEBUG_INFORMATION_FORMAT = "dwarf-with-dsym";
				ENABLE_NS_ASSERTIONS = NO;
				ENABLE_STRICT_OBJC_MSGSEND = YES;
				GCC_C_LANGUAGE_STANDARD = gnu99;
				GCC_NO_COMMON_BLOCKS = YES;
				GCC_WARN_64_TO_32_BIT_CONVERSION = YES;
				GCC_WARN_ABOUT_RETURN_TYPE = YES_ERROR;
				GCC_WARN_UNDECLARED_SELECTOR = YES;
				GCC_WARN_UNINITIALIZED_AUTOS = YES_AGGRESSIVE;
				GCC_WARN_UNUSED_FUNCTION = YES;
				GCC_WARN_UNUSED_VARIABLE = YES;
				MACOSX_DEPLOYMENT_TARGET = 10.10;
				MTL_ENABLE_DEBUG_INFO = NO;
				SDKROOT = macosx;
			};
			name = Release;
		};
		08E106BF1B61AC01001C9C6A /* Debug */ = {
			isa = XCBuildConfiguration;
			buildSettings = {
				ASSETCATALOG_COMPILER_APPICON_NAME = AppIcon;
				COMBINE_HIDPI_IMAGES = YES;
				INFOPLIST_FILE = JMSRangeSlider/Info.plist;
				LD_RUNPATH_SEARCH_PATHS = "$(inherited) @executable_path/../Frameworks";
				PRODUCT_BUNDLE_IDENTIFIER = com.jms.JMSRangeSlider;
				PRODUCT_NAME = "$(TARGET_NAME)";
			};
			name = Debug;
		};
		08E106C01B61AC01001C9C6A /* Release */ = {
			isa = XCBuildConfiguration;
			buildSettings = {
				ASSETCATALOG_COMPILER_APPICON_NAME = AppIcon;
				COMBINE_HIDPI_IMAGES = YES;
				INFOPLIST_FILE = JMSRangeSlider/Info.plist;
				LD_RUNPATH_SEARCH_PATHS = "$(inherited) @executable_path/../Frameworks";
				PRODUCT_BUNDLE_IDENTIFIER = com.jms.JMSRangeSlider;
				PRODUCT_NAME = "$(TARGET_NAME)";
			};
			name = Release;
		};
		08E106C21B61AC01001C9C6A /* Debug */ = {
			isa = XCBuildConfiguration;
			buildSettings = {
				BUNDLE_LOADER = "$(TEST_HOST)";
				COMBINE_HIDPI_IMAGES = YES;
				INFOPLIST_FILE = JMSRangeSliderTests/Info.plist;
				LD_RUNPATH_SEARCH_PATHS = "$(inherited) @executable_path/../Frameworks @loader_path/../Frameworks";
				PRODUCT_BUNDLE_IDENTIFIER = com.jms.JMSRangeSliderTests;
				PRODUCT_NAME = "$(TARGET_NAME)";
				TEST_HOST = "$(BUILT_PRODUCTS_DIR)/JMSRangeSlider.app/Contents/MacOS/JMSRangeSlider";
			};
			name = Debug;
		};
		08E106C31B61AC01001C9C6A /* Release */ = {
			isa = XCBuildConfiguration;
			buildSettings = {
				BUNDLE_LOADER = "$(TEST_HOST)";
				COMBINE_HIDPI_IMAGES = YES;
				INFOPLIST_FILE = JMSRangeSliderTests/Info.plist;
				LD_RUNPATH_SEARCH_PATHS = "$(inherited) @executable_path/../Frameworks @loader_path/../Frameworks";
				PRODUCT_BUNDLE_IDENTIFIER = com.jms.JMSRangeSliderTests;
				PRODUCT_NAME = "$(TARGET_NAME)";
				TEST_HOST = "$(BUILT_PRODUCTS_DIR)/JMSRangeSlider.app/Contents/MacOS/JMSRangeSlider";
			};
			name = Release;
		};
		08E106C51B61AC01001C9C6A /* Debug */ = {
			isa = XCBuildConfiguration;
			buildSettings = {
				COMBINE_HIDPI_IMAGES = YES;
				INFOPLIST_FILE = JMSRangeSliderUITests/Info.plist;
				LD_RUNPATH_SEARCH_PATHS = "$(inherited) @executable_path/../Frameworks @loader_path/../Frameworks";
				PRODUCT_BUNDLE_IDENTIFIER = com.jms.JMSRangeSliderUITests;
				PRODUCT_NAME = "$(TARGET_NAME)";
				TEST_TARGET_NAME = JMSRangeSlider;
				USES_XCTRUNNER = YES;
			};
			name = Debug;
		};
		08E106C61B61AC01001C9C6A /* Release */ = {
			isa = XCBuildConfiguration;
			buildSettings = {
				COMBINE_HIDPI_IMAGES = YES;
				INFOPLIST_FILE = JMSRangeSliderUITests/Info.plist;
				LD_RUNPATH_SEARCH_PATHS = "$(inherited) @executable_path/../Frameworks @loader_path/../Frameworks";
				PRODUCT_BUNDLE_IDENTIFIER = com.jms.JMSRangeSliderUITests;
				PRODUCT_NAME = "$(TARGET_NAME)";
				TEST_TARGET_NAME = JMSRangeSlider;
				USES_XCTRUNNER = YES;
			};
			name = Release;
		};
/* End XCBuildConfiguration section */

/* Begin XCConfigurationList section */
		08E106961B61AC01001C9C6A /* Build configuration list for PBXProject "JMSRangeSlider" */ = {
			isa = XCConfigurationList;
			buildConfigurations = (
				08E106BC1B61AC01001C9C6A /* Debug */,
				08E106BD1B61AC01001C9C6A /* Release */,
			);
			defaultConfigurationIsVisible = 0;
			defaultConfigurationName = Release;
		};
		08E106BE1B61AC01001C9C6A /* Build configuration list for PBXNativeTarget "JMSRangeSlider" */ = {
			isa = XCConfigurationList;
			buildConfigurations = (
				08E106BF1B61AC01001C9C6A /* Debug */,
				08E106C01B61AC01001C9C6A /* Release */,
			);
			defaultConfigurationIsVisible = 0;
			defaultConfigurationName = Release;
		};
		08E106C11B61AC01001C9C6A /* Build configuration list for PBXNativeTarget "JMSRangeSliderTests" */ = {
			isa = XCConfigurationList;
			buildConfigurations = (
				08E106C21B61AC01001C9C6A /* Debug */,
				08E106C31B61AC01001C9C6A /* Release */,
			);
			defaultConfigurationIsVisible = 0;
			defaultConfigurationName = Release;
		};
		08E106C41B61AC01001C9C6A /* Build configuration list for PBXNativeTarget "JMSRangeSliderUITests" */ = {
			isa = XCConfigurationList;
			buildConfigurations = (
				08E106C51B61AC01001C9C6A /* Debug */,
				08E106C61B61AC01001C9C6A /* Release */,
			);
			defaultConfigurationIsVisible = 0;
			defaultConfigurationName = Release;
		};
/* End XCConfigurationList section */
	};
	rootObject = 08E106931B61AC01001C9C6A /* Project object */;
}
